# This file is generated by running "yarn install" inside your project.
# Manual changes might be lost - proceed with caution!

__metadata:
  version: 10
  cacheKey: 10

"@fastify/ajv-compiler@npm:^4.0.5":
  version: 4.0.5
  resolution: "@fastify/ajv-compiler@npm:4.0.5"
  dependencies:
    ajv: "npm:^8.12.0"
    ajv-formats: "npm:^3.0.1"
    fast-uri: "npm:^3.0.0"
  checksum: 10/ee6a3388314811b4ce25341620c9b5f07bbcb7192e2adafba44b69c2f4d6e50dd93775f22408a28fab9c6ca010f6f7c83c796142c803653baf18e446c84de336
  languageName: node
  linkType: hard

"@fastify/autoload@npm:^6.3.1":
  version: 6.3.1
  resolution: "@fastify/autoload@npm:6.3.1"
  checksum: 10/15af280bae6d0cb6200632810d9837dc6f9f56a079002d32e8eed6fa81dd3d7518ceea51910a5261a8a16e63b043de45eacf8db5d2c9539b8595db2133caa551
  languageName: node
  linkType: hard

"@fastify/error@npm:^4.0.0, @fastify/error@npm:^4.2.0":
  version: 4.2.0
  resolution: "@fastify/error@npm:4.2.0"
  checksum: 10/50b0a15a2ec540631a1ea1591ed3281fd6f92258ea61c49b6a1899c44c9ab3567390be87bd13ef9db48190a05c3be0a2afbe646a69da70f68e0be233205e2dd0
  languageName: node
  linkType: hard

"@fastify/fast-json-stringify-compiler@npm:^5.0.0":
  version: 5.0.3
  resolution: "@fastify/fast-json-stringify-compiler@npm:5.0.3"
  dependencies:
    fast-json-stringify: "npm:^6.0.0"
  checksum: 10/82c90130eb423ec9d84a2a17684787b9aeacbc9e3b014f42bf70fed1f6e6d82a252f2363c4c578c98dba8081b43072f5a3a87bf836d6b00e48d1fde0d82bfbb0
  languageName: node
  linkType: hard

"@fastify/forwarded@npm:^3.0.0":
  version: 3.0.1
  resolution: "@fastify/forwarded@npm:3.0.1"
  checksum: 10/2cde644dc3b678abeb8f35fa052501a896ae9aa7917a6197ad7fd6b6b8b134c5069c2f647f928fed38d42bf70dca99eb1c9835751afada0edbc205660179b0f2
  languageName: node
  linkType: hard

"@fastify/jwt@npm:^10.1.0":
  version: 10.1.0
  resolution: "@fastify/jwt@npm:10.1.0"
  dependencies:
    "@fastify/error": "npm:^4.2.0"
    "@lukeed/ms": "npm:^2.0.2"
    fast-jwt: "npm:^6.2.0"
    fastify-plugin: "npm:^5.0.1"
    steed: "npm:^1.1.3"
  checksum: 10/38ba66a8986dc68437b28965b76f9b41d04f9008989129b37ad3f36e6e2cbb502e26838329b98e3d79ee953c4214d96a0884c31693d99b3cf9070f7f15708990
  languageName: node
  linkType: hard

"@fastify/merge-json-schemas@npm:^0.2.0":
  version: 0.2.1
  resolution: "@fastify/merge-json-schemas@npm:0.2.1"
  dependencies:
    dequal: "npm:^2.0.3"
  checksum: 10/10ce2bc689f279375974cc61d0779a6672dcc80d62120ebcbf07f821b6f07e6149cd17c196f20d4457b07458407bdbb277a27a42ec3ff322e7a5bbb378e41fda
  languageName: node
  linkType: hard

"@fastify/proxy-addr@npm:^5.0.0":
  version: 5.1.0
  resolution: "@fastify/proxy-addr@npm:5.1.0"
  dependencies:
    "@fastify/forwarded": "npm:^3.0.0"
    ipaddr.js: "npm:^2.1.0"
  checksum: 10/9b46c49afae77c5fdbf0ee4540440c1d44e0ba613dcc84357dc980f32f8d3281932fde7ba79c5a1217c2fbcc9b516981bac6abf4779beb9a02c040e827d519e0
  languageName: node
  linkType: hard

"@lukeed/ms@npm:^2.0.2":
  version: 2.0.2
  resolution: "@lukeed/ms@npm:2.0.2"
  checksum: 10/6ae47ed3ebc857ffc0283cfe46129947209c770d0974eb86626138b6c194a760d08863ec593ec75a645aec133b3237b37af500739b030293e4d9a81130f4e2ae
  languageName: node
  linkType: hard

"@pinojs/redact@npm:^0.4.0":
  version: 0.4.0
  resolution: "@pinojs/redact@npm:0.4.0"
  checksum: 10/2210ffb6b38357853d47239fd0532cc9edb406325270a81c440a35cece22090127c30c2ead3eefa3e608f2244087485308e515c431f4f69b6bd2e16cbd32812b
  languageName: node
  linkType: hard

"@types/node@npm:^25.5.2":
  version: 25.5.2
  resolution: "@types/node@npm:25.5.2"
  dependencies:
    undici-types: "npm:~7.18.0"
  checksum: 10/11782030f910ecf600cd537791980bd8b68496570ecd633d512d713b5b8a16ea3740fce85c82d0593305f809a7c205d7e86c07f179063fc98f014a7f9b013166
  languageName: node
  linkType: hard

"abstract-logging@npm:^2.0.1":
  version: 2.0.1
  resolution: "abstract-logging@npm:2.0.1"
  checksum: 10/6967d15e5abbafd17f56eaf30ba8278c99333586fa4f7935fd80e93cfdc006c37fcc819c5d63ee373a12e6cb2d0417f7c3c6b9e42b957a25af9937d26749415e
  languageName: node
  linkType: hard

"ajv-formats@npm:^3.0.1":
  version: 3.0.1
  resolution: "ajv-formats@npm:3.0.1"
  dependencies:
    ajv: "npm:^8.0.0"
  peerDependencies:
    ajv: ^8.0.0
  peerDependenciesMeta:
    ajv:
      optional: true
  checksum: 10/5679b9f9ced9d0213a202a37f3aa91efcffe59a6de1a6e3da5c873344d3c161820a1f11cc29899661fee36271fd2895dd3851b6461c902a752ad661d1c1e8722
  languageName: node
  linkType: hard

"ajv@npm:^8.0.0, ajv@npm:^8.12.0":
  version: 8.18.0
  resolution: "ajv@npm:8.18.0"
  dependencies:
    fast-deep-equal: "npm:^3.1.3"
    fast-uri: "npm:^3.0.1"
    json-schema-traverse: "npm:^1.0.0"
    require-from-string: "npm:^2.0.2"
  checksum: 10/bfed9de827a2b27c6d4084324eda76a4e32bdde27410b3e9b81d06e6f8f5c78370fc6b93fe1d869f1939ff1d7c4ae8896960995acb8425e3e9288c8884247c48
  languageName: node
  linkType: hard

"asn1.js@npm:^5.4.1":
  version: 5.4.1
  resolution: "asn1.js@npm:5.4.1"
  dependencies:
    bn.js: "npm:^4.0.0"
    inherits: "npm:^2.0.1"
    minimalistic-assert: "npm:^1.0.0"
    safer-buffer: "npm:^2.1.0"
  checksum: 10/63d57c766f6afc81ff175bbf922626b3778d770c8b91b32cbcf672d7bf73b4198aca66c60a6427bff3aebc48feff1eab4a161f2681b7300b6c5b775a1e6fd791
  languageName: node
  linkType: hard

"atomic-sleep@npm:^1.0.0":
  version: 1.0.0
  resolution: "atomic-sleep@npm:1.0.0"
  checksum: 10/3ab6d2cf46b31394b4607e935ec5c1c3c4f60f3e30f0913d35ea74b51b3585e84f590d09e58067f11762eec71c87d25314ce859030983dc0e4397eed21daa12e
  languageName: node
  linkType: hard

"avvio@npm:^9.0.0":
  version: 9.2.0
  resolution: "avvio@npm:9.2.0"
  dependencies:
    "@fastify/error": "npm:^4.0.0"
    fastq: "npm:^1.17.1"
  checksum: 10/cc88f41b2c4b65fbd758ced696f45da27ef1a2517b55bf33d60ed1c4efc25998a1eff220a8da4e34943b162dc6b56ebb55d971b9ba5ba491ddecc50a92a549a3
  languageName: node
  linkType: hard

"bn.js@npm:^4.0.0":
  version: 4.12.3
  resolution: "bn.js@npm:4.12.3"
  checksum: 10/57ed5a055f946f3e009f1589c45a5242db07f3dddfc72e4506f0dd9d8b145f0dbee4edabc2499288f3fc338eb712fb96a1c623a2ed2bcd49781df1a64db64dd1
  languageName: node
  linkType: hard

"cookie@npm:^1.0.1":
  version: 1.1.1
  resolution: "cookie@npm:1.1.1"
  checksum: 10/85538153054791155cf4d38d2e807e3b9382d71bf71d92fc46fca348515ea574049d0d9ef8eb84d2d54a681ad1d7a7316b1989b901dace50a6c0f4c3858dbdb2
  languageName: node
  linkType: hard

"dequal@npm:^2.0.3":
  version: 2.0.3
  resolution: "dequal@npm:2.0.3"
  checksum: 10/6ff05a7561f33603df87c45e389c9ac0a95e3c056be3da1a0c4702149e3a7f6fe5ffbb294478687ba51a9e95f3a60e8b6b9005993acd79c292c7d15f71964b6b
  languageName: node
  linkType: hard

"discord-proxy-httpd@workspace:.":
  version: 0.0.0-use.local
  resolution: "discord-proxy-httpd@workspace:."
  dependencies:
    "@fastify/autoload": "npm:^6.3.1"
    "@fastify/jwt": "npm:^10.1.0"
    "@types/node": "npm:^25.5.2"
    fastify: "npm:^5.8.4"
    fastify-plugin: "npm:^5.1.0"
    prettier: "npm:^3.8.1"
    typescript: "npm:^6.0.2"
  languageName: unknown
  linkType: soft

"ecdsa-sig-formatter@npm:^1.0.11":
  version: 1.0.11
  resolution: "ecdsa-sig-formatter@npm:1.0.11"
  dependencies:
    safe-buffer: "npm:^5.0.1"
  checksum: 10/878e1aab8a42773320bc04c6de420bee21aebd71810e40b1799880a8a1c4594bcd6adc3d4213a0fb8147d4c3f529d8f9a618d7f59ad5a9a41b142058aceda23f
  languageName: node
  linkType: hard

"fast-decode-uri-component@npm:^1.0.1":
  version: 1.0.1
  resolution: "fast-decode-uri-component@npm:1.0.1"
  checksum: 10/4b6ed26974414f688be4a15eab6afa997bad4a7c8605cb1deb928b28514817b4523a1af0fa06621c6cbfedb7e5615144c2c3e7512860e3a333a31a28d537dca7
  languageName: node
  linkType: hard

"fast-deep-equal@npm:^3.1.3":
  version: 3.1.3
  resolution: "fast-deep-equal@npm:3.1.3"
  checksum: 10/e21a9d8d84f53493b6aa15efc9cfd53dd5b714a1f23f67fb5dc8f574af80df889b3bce25dc081887c6d25457cce704e636395333abad896ccdec03abaf1f3f9d
  languageName: node
  linkType: hard

"fast-json-stringify@npm:^6.0.0":
  version: 6.3.0
  resolution: "fast-json-stringify@npm:6.3.0"
  dependencies:
    "@fastify/merge-json-schemas": "npm:^0.2.0"
    ajv: "npm:^8.12.0"
    ajv-formats: "npm:^3.0.1"
    fast-uri: "npm:^3.0.0"
    json-schema-ref-resolver: "npm:^3.0.0"
    rfdc: "npm:^1.2.0"
  checksum: 10/52a772c1fdb6cf9011b43e79f79c48abb0777e6b5b2475cd7ab538638beb5508392083d766a40b9b22f64953d5a51d0fa93f300cac5c02740114fc173e6b7217
  languageName: node
  linkType: hard

"fast-jwt@npm:^6.2.0":
  version: 6.2.4
  resolution: "fast-jwt@npm:6.2.4"
  dependencies:
    "@lukeed/ms": "npm:^2.0.2"
    asn1.js: "npm:^5.4.1"
    ecdsa-sig-formatter: "npm:^1.0.11"
    mnemonist: "npm:^0.40.0"
    safe-regex2: "npm:^5.1.0"
  checksum: 10/3f92f81e9b4cbc6a5c5b2774c27467d8ebb1245240f5a40469a5ab74c6dd03b8d0cf7df5ded0c0c5e6f74d2a0ca3f293cc6bc0be63519299792bd17d4bf725c0
  languageName: node
  linkType: hard

"fast-querystring@npm:^1.0.0":
  version: 1.1.2
  resolution: "fast-querystring@npm:1.1.2"
  dependencies:
    fast-decode-uri-component: "npm:^1.0.1"
  checksum: 10/981da9b914f2b639dc915bdfa4f34ab028b967d428f02fbd293d99258593fde69c48eea73dfa03ced088268e0a8045c642e8debcd9b4821ebd125e130a0430c7
  languageName: node
  linkType: hard

"fast-uri@npm:^3.0.0, fast-uri@npm:^3.0.1":
  version: 3.1.0
  resolution: "fast-uri@npm:3.1.0"
  checksum: 10/818b2c96dc913bcf8511d844c3d2420e2c70b325c0653633f51821e4e29013c2015387944435cd0ef5322c36c9beecc31e44f71b257aeb8e0b333c1d62bb17c2
  languageName: node
  linkType: hard

"fastfall@npm:^1.5.0":
  version: 1.5.1
  resolution: "fastfall@npm:1.5.1"
  dependencies:
    reusify: "npm:^1.0.0"
  checksum: 10/c0929f7125413493ba0fae722c6c7a2a0af415e261a2e0d2f13493eecd4ea333b3490bd2870df90c3aa6d655a9cf96bc237198a4ccf29f7c097466390e19ae70
  languageName: node
  linkType: hard

"fastify-plugin@npm:^5.0.1, fastify-plugin@npm:^5.1.0":
  version: 5.1.0
  resolution: "fastify-plugin@npm:5.1.0"
  checksum: 10/4532fa1f980f1e76f0e0bf1514945fdd9eb1379108235be3db78e07e76761bdc4218c4cc978d382de77aa298c9b49b1723e60c4628e052402d1134af01aa384c
  languageName: node
  linkType: hard

"fastify@npm:^5.8.4":
  version: 5.8.4
  resolution: "fastify@npm:5.8.4"
  dependencies:
    "@fastify/ajv-compiler": "npm:^4.0.5"
    "@fastify/error": "npm:^4.0.0"
    "@fastify/fast-json-stringify-compiler": "npm:^5.0.0"
    "@fastify/proxy-addr": "npm:^5.0.0"
    abstract-logging: "npm:^2.0.1"
    avvio: "npm:^9.0.0"
    fast-json-stringify: "npm:^6.0.0"
    find-my-way: "npm:^9.0.0"
    light-my-request: "npm:^6.0.0"
    pino: "npm:^9.14.0 || ^10.1.0"
    process-warning: "npm:^5.0.0"
    rfdc: "npm:^1.3.1"
    secure-json-parse: "npm:^4.0.0"
    semver: "npm:^7.6.0"
    toad-cache: "npm:^3.7.0"
  checksum: 10/979e8d980aba673b8801e898a322df4ab594819666f74441c8aebc6cfc88eece72f545415f3945da8a5dbb831995cc88ea4a2bade448fe4570a360bc9cb4cab6
  languageName: node
  linkType: hard

"fastparallel@npm:^2.2.0":
  version: 2.4.1
  resolution: "fastparallel@npm:2.4.1"
  dependencies:
    reusify: "npm:^1.0.4"
    xtend: "npm:^4.0.2"
  checksum: 10/d215594f855cfa1ad7c4376a09ec2390285627e50fa498b0e39e6bc291c3fa16047fa23f7b3ff389467df157b75d90370b2fc4dcd239dc9adf4c86262314ccb0
  languageName: node
  linkType: hard

"fastq@npm:^1.17.1, fastq@npm:^1.3.0":
  version: 1.20.1
  resolution: "fastq@npm:1.20.1"
  dependencies:
    reusify: "npm:^1.0.4"
  checksum: 10/ab2fe3a7a108112e7752cfe7fc11683c21e595913a6a593ad0b4415f31dddbfc283775ab66f2c8ccea6ab7cfc116157cbddcfae9798d9de98d08fe0a2c3e97b2
  languageName: node
  linkType: hard

"fastseries@npm:^1.7.0":
  version: 1.7.2
  resolution: "fastseries@npm:1.7.2"
  dependencies:
    reusify: "npm:^1.0.0"
    xtend: "npm:^4.0.0"
  checksum: 10/2b79964ab0a8a94502affc9930c40ce5b696cacc736f49ac082ad1767dfcf3e8aa4fb8eedff438bb03e11d3a2736717806ceff5afe2071a684760ceeeb037e73
  languageName: node
  linkType: hard

"find-my-way@npm:^9.0.0":
  version: 9.5.0
  resolution: "find-my-way@npm:9.5.0"
  dependencies:
    fast-deep-equal: "npm:^3.1.3"
    fast-querystring: "npm:^1.0.0"
    safe-regex2: "npm:^5.0.0"
  checksum: 10/c22e24888576a7d7a9a681ecae8d3d24f372a372892b31fb94772c2a7e4474a27be11aa6c36e022221763c4d7f6df4d853d6132812d121501f8fe0c6075733e4
  languageName: node
  linkType: hard

"inherits@npm:^2.0.1":
  version: 2.0.4
  resolution: "inherits@npm:2.0.4"
  checksum: 10/cd45e923bee15186c07fa4c89db0aace24824c482fb887b528304694b2aa6ff8a898da8657046a5dcf3e46cd6db6c61629551f9215f208d7c3f157cf9b290521
  languageName: node
  linkType: hard

"ipaddr.js@npm:^2.1.0":
  version: 2.3.0
  resolution: "ipaddr.js@npm:2.3.0"
  checksum: 10/be3d01bc2e20fc2dc5349b489ea40883954b816ce3e57aa48ad943d4e7c4ace501f28a7a15bde4b96b6b97d0fbb28d599ff2f87399f3cda7bd728889402eed3b
  languageName: node
  linkType: hard

"json-schema-ref-resolver@npm:^3.0.0":
  version: 3.0.0
  resolution: "json-schema-ref-resolver@npm:3.0.0"
  dependencies:
    dequal: "npm:^2.0.3"
  checksum: 10/acb9641de4fac5170f8fa0a179d193831cd1c467ff1b50d9cb5ebc58cbbd0f736f52adeb4f265927e61dad5ceb87fa438e83e0d40750526e7c98ffcca1461f26
  languageName: node
  linkType: hard

"json-schema-traverse@npm:^1.0.0":
  version: 1.0.0
  resolution: "json-schema-traverse@npm:1.0.0"
  checksum: 10/02f2f466cdb0362558b2f1fd5e15cce82ef55d60cd7f8fa828cf35ba74330f8d767fcae5c5c2adb7851fa811766c694b9405810879bc4e1ddd78a7c0e03658ad
  languageName: node
  linkType: hard

"light-my-request@npm:^6.0.0":
  version: 6.6.0
  resolution: "light-my-request@npm:6.6.0"
  dependencies:
    cookie: "npm:^1.0.1"
    process-warning: "npm:^4.0.0"
    set-cookie-parser: "npm:^2.6.0"
  checksum: 10/65a21cd3c27f5b42ea8da2360ea24d1d2d063f3faef1a15a3839ab529db0b617295f2165c5660220f9adabd8e7813986bcf70439ed16c307852ea2013788d9e3
  languageName: node
  linkType: hard

"minimalistic-assert@npm:^1.0.0":
  version: 1.0.1
  resolution: "minimalistic-assert@npm:1.0.1"
  checksum: 10/cc7974a9268fbf130fb055aff76700d7e2d8be5f761fb5c60318d0ed010d839ab3661a533ad29a5d37653133385204c503bfac995aaa4236f4e847461ea32ba7
  languageName: node
  linkType: hard

"mnemonist@npm:^0.40.0":
  version: 0.40.4
  resolution: "mnemonist@npm:0.40.4"
  dependencies:
    obliterator: "npm:^2.0.4"
  checksum: 10/5019c51dae4793412cc04b15a2e671b5d1de24edde850bb6bec704ef50a272574d63a41805f83177644c87bded1f00cb811f6cb94b1571aaba27502d3daa682c
  languageName: node
  linkType: hard

"obliterator@npm:^2.0.4":
  version: 2.0.5
  resolution: "obliterator@npm:2.0.5"
  checksum: 10/3f10254a97bc30702ed9cef19cd338efb5859e3f653d619265086d62f0af86b8894c67faf57e69deb3de18d52c1c08c5f9c753a4125762dbe148478c5560c59e
  languageName: node
  linkType: hard

"on-exit-leak-free@npm:^2.1.0":
  version: 2.1.2
  resolution: "on-exit-leak-free@npm:2.1.2"
  checksum: 10/f7b4b7200026a08f6e4a17ba6d72e6c5cbb41789ed9cf7deaf9d9e322872c7dc5a7898549a894651ee0ee9ae635d34a678115bf8acdfba8ebd2ba2af688b563c
  languageName: node
  linkType: hard

"pino-abstract-transport@npm:^3.0.0":
  version: 3.0.0
  resolution: "pino-abstract-transport@npm:3.0.0"
  dependencies:
    split2: "npm:^4.0.0"
  checksum: 10/f42b85b2663c8520839124a55b27801e88c89c65e9569384b49bb4c81b022ae24860020c2375b92a03db699113969007cc155e1fb2dfe53754403920c1cbe18c
  languageName: node
  linkType: hard

"pino-std-serializers@npm:^7.0.0":
  version: 7.1.0
  resolution: "pino-std-serializers@npm:7.1.0"
  checksum: 10/6e27f6f885927b6df3b424ddb8a9e0e9854f3b59f4abd51afa74e1c2cf33436a505277b004bb00ce61884a962c8fdfd977391205c7baab885d6afb35fce7396a
  languageName: node
  linkType: hard

"pino@npm:^9.14.0 || ^10.1.0":
  version: 10.3.1
  resolution: "pino@npm:10.3.1"
  dependencies:
    "@pinojs/redact": "npm:^0.4.0"
    atomic-sleep: "npm:^1.0.0"
    on-exit-leak-free: "npm:^2.1.0"
    pino-abstract-transport: "npm:^3.0.0"
    pino-std-serializers: "npm:^7.0.0"
    process-warning: "npm:^5.0.0"
    quick-format-unescaped: "npm:^4.0.3"
    real-require: "npm:^0.2.0"
    safe-stable-stringify: "npm:^2.3.1"
    sonic-boom: "npm:^4.0.1"
    thread-stream: "npm:^4.0.0"
  bin:
    pino: bin.js
  checksum: 10/46cad7bf1859c83a8a9c43af764e5165f44057ce76d44b1b2b4390f2abccb8a579f42abfe742d88b4d8e1d339213afb46ea50fc39c50095dd1f0f9fe26ea1342
  languageName: node
  linkType: hard

"prettier@npm:^3.8.1":
  version: 3.8.1
  resolution: "prettier@npm:3.8.1"
  bin:
    prettier: bin/prettier.cjs
  checksum: 10/3da1cf8c1ef9bea828aa618553696c312e951f810bee368f6887109b203f18ee869fe88f66e65f9cf60b7cb1f2eae859892c860a300c062ff8ec69c381fc8dbd
  languageName: node
  linkType: hard

"process-warning@npm:^4.0.0":
  version: 4.0.1
  resolution: "process-warning@npm:4.0.1"
  checksum: 10/8b0ec9129845215c1e4a72f3a66082e3aa76f81e265374de6c70f2213f4516856316ed88338b8520e9274dab947d6b3750684b448f45148f57757f365e96793f
  languageName: node
  linkType: hard

"process-warning@npm:^5.0.0":
  version: 5.0.0
  resolution: "process-warning@npm:5.0.0"
  checksum: 10/10f3e00ac9fc1943ec4566ff41fff2b964e660f853c283e622257719839d340b4616e707d62a02d6aa0038761bb1fa7c56bc7308d602d51bd96f05f9cd305dcd
  languageName: node
  linkType: hard

"quick-format-unescaped@npm:^4.0.3":
  version: 4.0.4
  resolution: "quick-format-unescaped@npm:4.0.4"
  checksum: 10/591eca457509a99368b623db05248c1193aa3cedafc9a077d7acab09495db1231017ba3ad1b5386e5633271edd0a03b312d8640a59ee585b8516a42e15438aa7
  languageName: node
  linkType: hard

"real-require@npm:^0.2.0":
  version: 0.2.0
  resolution: "real-require@npm:0.2.0"
  checksum: 10/ddf44ee76301c774e9c9f2826da8a3c5c9f8fc87310f4a364e803ef003aa1a43c378b4323051ced212097fff1af459070f4499338b36a7469df1d4f7e8c0ba4c
  languageName: node
  linkType: hard

"require-from-string@npm:^2.0.2":
  version: 2.0.2
  resolution: "require-from-string@npm:2.0.2"
  checksum: 10/839a3a890102a658f4cb3e7b2aa13a1f80a3a976b512020c3d1efc418491c48a886b6e481ea56afc6c4cb5eef678f23b2a4e70575e7534eccadf5e30ed2e56eb
  languageName: node
  linkType: hard

"ret@npm:~0.5.0":
  version: 0.5.0
  resolution: "ret@npm:0.5.0"
  checksum: 10/fb58f61268ceb762de471fd5871a53def1f47160487c6e21dcbe5274b3eb2df40a80d9eab7ed3732c8de4e4fadc911a66a190a129b5cf75c3e70302a7607f82f
  languageName: node
  linkType: hard

"reusify@npm:^1.0.0, reusify@npm:^1.0.4":
  version: 1.1.0
  resolution: "reusify@npm:1.1.0"
  checksum: 10/af47851b547e8a8dc89af144fceee17b80d5beaf5e6f57ed086432d79943434ff67ca526e92275be6f54b6189f6920a24eace75c2657eed32d02c400312b21ec
  languageName: node
  linkType: hard

"rfdc@npm:^1.2.0, rfdc@npm:^1.3.1":
  version: 1.4.1
  resolution: "rfdc@npm:1.4.1"
  checksum: 10/2f3d11d3d8929b4bfeefc9acb03aae90f971401de0add5ae6c5e38fec14f0405e6a4aad8fdb76344bfdd20c5193110e3750cbbd28ba86d73729d222b6cf4a729
  languageName: node
  linkType: hard

"safe-buffer@npm:^5.0.1":
  version: 5.2.1
  resolution: "safe-buffer@npm:5.2.1"
  checksum: 10/32872cd0ff68a3ddade7a7617b8f4c2ae8764d8b7d884c651b74457967a9e0e886267d3ecc781220629c44a865167b61c375d2da6c720c840ecd73f45d5d9451
  languageName: node
  linkType: hard

"safe-regex2@npm:^5.0.0":
  version: 5.1.0
  resolution: "safe-regex2@npm:5.1.0"
  dependencies:
    ret: "npm:~0.5.0"
  bin:
    safe-regex2: bin/safe-regex2.js
  checksum: 10/826ba14d0679444380050a45bd6e79fbba747e20c74709929bcb11d1d364702873350acd93f85ca43dd660e2c6110366c05dc092d1853492cbece0ed626cfe6f
  languageName: node
  linkType: hard

"safe-regex2@npm:^5.1.0":
  version: 5.1.1
  resolution: "safe-regex2@npm:5.1.1"
  dependencies:
    ret: "npm:~0.5.0"
  bin:
    safe-regex2: bin/safe-regex2.js
  checksum: 10/378043ef4daa7d278773feebbc55915ac3e6e87ffd0648922200a9e8ed2b9f5584245e998645cd284933cd87d950264d5bdba6abbefe1936c2ecb7fc7edf1f8f
  languageName: node
  linkType: hard

"safe-stable-stringify@npm:^2.3.1":
  version: 2.5.0
  resolution: "safe-stable-stringify@npm:2.5.0"
  checksum: 10/2697fa186c17c38c3ca5309637b4ac6de2f1c3d282da27cd5e1e3c88eca0fb1f9aea568a6aabdf284111592c8782b94ee07176f17126031be72ab1313ed46c5c
  languageName: node
  linkType: hard

"safer-buffer@npm:^2.1.0":
  version: 2.1.2
  resolution: "safer-buffer@npm:2.1.2"
  checksum: 10/7eaf7a0cf37cc27b42fb3ef6a9b1df6e93a1c6d98c6c6702b02fe262d5fcbd89db63320793b99b21cb5348097d0a53de81bd5f4e8b86e20cc9412e3f1cfb4e83
  languageName: node
  linkType: hard

"secure-json-parse@npm:^4.0.0":
  version: 4.1.0
  resolution: "secure-json-parse@npm:4.1.0"
  checksum: 10/1025c6fd0b8fa0e8c6ac7225fc0b79ecc528b2e51a8446e4bb73bfc47a2450b9e9e9813b84bc9e6735ce30c947b52e5b9d90771521aa9bb2ec216afd24c2da4e
  languageName: node
  linkType: hard

"semver@npm:^7.6.0":
  version: 7.7.4
  resolution: "semver@npm:7.7.4"
  bin:
    semver: bin/semver.js
  checksum: 10/26bdc6d58b29528f4142d29afb8526bc335f4fc04c4a10f2b98b217f277a031c66736bf82d3d3bb354a2f6a3ae50f18fd62b053c4ac3f294a3d10a61f5075b75
  languageName: node
  linkType: hard

"set-cookie-parser@npm:^2.6.0":
  version: 2.7.2
  resolution: "set-cookie-parser@npm:2.7.2"
  checksum: 10/4b6f5ec4e3fa1aef471d9207117704d217ba6bb6443400b41f5ea945c4a7f6fc08e405a122c1a32b4ebde41f06dea75e02c2af87cee9abb27f3e3fe911e5839b
  languageName: node
  linkType: hard

"sonic-boom@npm:^4.0.1":
  version: 4.2.1
  resolution: "sonic-boom@npm:4.2.1"
  dependencies:
    atomic-sleep: "npm:^1.0.0"
  checksum: 10/161af46b3e6debc4ad3865b0db47f37289741a0b3005b8cf056f93a4e0e1a347e24ca1a2d8ccc864f7f19caa6185a766797f8382cdbfd2f3d046a0323d73a542
  languageName: node
  linkType: hard

"split2@npm:^4.0.0":
  version: 4.2.0
  resolution: "split2@npm:4.2.0"
  checksum: 10/09bbefc11bcf03f044584c9764cd31a252d8e52cea29130950b26161287c11f519807c5e54bd9e5804c713b79c02cefe6a98f4688630993386be353e03f534ab
  languageName: node
  linkType: hard

"steed@npm:^1.1.3":
  version: 1.1.3
  resolution: "steed@npm:1.1.3"
  dependencies:
    fastfall: "npm:^1.5.0"
    fastparallel: "npm:^2.2.0"
    fastq: "npm:^1.3.0"
    fastseries: "npm:^1.7.0"
    reusify: "npm:^1.0.0"
  checksum: 10/aeb471703b1237f2e70283e396fd88827970b6554e0dbbc90e7eb83c465c4dc5e96b9901c6d01810e12556cbe1f6ebb40fe86f1c98223b1c616184419c29f90f
  languageName: node
  linkType: hard

"thread-stream@npm:^4.0.0":
  version: 4.0.0
  resolution: "thread-stream@npm:4.0.0"
  dependencies:
    real-require: "npm:^0.2.0"
  checksum: 10/698ac8bd104c6cf91dda8421c30790979b867d7b6c878f914ddef18f1b1bc846f8776976d9f0113ed0ee90043f2e9e6554b96f4c1154ff84cd199da657f214fa
  languageName: node
  linkType: hard

"toad-cache@npm:^3.7.0":
  version: 3.7.0
  resolution: "toad-cache@npm:3.7.0"
  checksum: 10/cdc62aacc047e94eab21697943e117bbb1938168a03e5e85fdba28ab6ea66f4796ff16b219019a64d2115048378f9dd1f4e62c78c1f1d4961d0b3d23f9a9374d
  languageName: node
  linkType: hard

"typescript@npm:^6.0.2":
  version: 6.0.2
  resolution: "typescript@npm:6.0.2"
  bin:
    tsc: bin/tsc
    tsserver: bin/tsserver
  checksum: 10/b9fc2fcee7ee8e5ca6f5138181964550531e18e2d20ecb71b802d4d495881e3444e0ef94cbb6e84eb2ba41e913f6feae3ca33cc722b32e6e6dfadb32d23b80e6
  languageName: node
  linkType: hard

"typescript@patch:typescript@npm%3A^6.0.2#optional!builtin<compat/typescript>":
  version: 6.0.2
  resolution: "typescript@patch:typescript@npm%3A6.0.2#optional!builtin<compat/typescript>::version=6.0.2&hash=5786d5"
  bin:
    tsc: bin/tsc
    tsserver: bin/tsserver
  checksum: 10/e5501dfcf8c5b6b9a61f6fa53decc40187cebe3a2b7b2bd51c615007ad4cf6d58298461fef63294f6be9d5f2f33019b2a2e2bf02d9cb7d7f6ec94372bf24ffa2
  languageName: node
  linkType: hard

"undici-types@npm:~7.18.0":
  version: 7.18.2
  resolution: "undici-types@npm:7.18.2"
  checksum: 10/e61a5918f624d68420c3ca9d301e9f15b61cba6e97be39fe2ce266dd6151e4afe424d679372638826cb506be33952774e0424141200111a9857e464216c009af
  languageName: node
  linkType: hard

"xtend@npm:^4.0.0, xtend@npm:^4.0.2":
  version: 4.0.2
  resolution: "xtend@npm:4.0.2"
  checksum: 10/ac5dfa738b21f6e7f0dd6e65e1b3155036d68104e67e5d5d1bde74892e327d7e5636a076f625599dc394330a731861e87343ff184b0047fef1360a7ec0a5a36a
  languageName: node
  linkType: hard
